
Microsoft Visual Studio Solution File, Format Version 12.00
# Visual Studio Version 16
VisualStudioVersion = 16.0.28803.156
MinimumVisualStudioVersion = 10.0.40219.1
Project("{FAE04EC0-301F-11D3-BF4B-00C04F79EFBC}") = "TesteServicos", "TesteServicos\TesteServicos.csproj", "{BB01BE5F-613C-4CE1-B723-268B91281300}"
EndProject
Global
	GlobalSection(SolutionConfigurationPlatforms) = preSolution
		Debug|Any CPU = Debug|Any CPU
		Release|Any CPU = Release|Any CPU
	EndGlobalSection
	GlobalSection(ProjectConfigurationPlatforms) = postSolution
		{BB01BE5F-613C-4CE1-B723-268B91281300}.Debug|Any CPU.ActiveCfg = Debug|Any CPU
		{BB01BE5F-613C-4CE1-B723-268B91281300}.Debug|Any CPU.Build.0 = Debug|Any CPU
		{BB01BE5F-613C-4CE1-B723-268B91281300}.Release|Any CPU.ActiveCfg = Release|Any CPU
		{BB01BE5F-613C-4CE1-B723-268B91281300}.Release|Any CPU.Build.0 = Release|Any CPU
	EndGlobalSection
	GlobalSection(SolutionProperties) = preSolution
		HideSolutionNode = FALSE
	EndGlobalSection
	GlobalSection(ExtensibilityGlobals) = postSolution
		SolutionGuid = {9FE0BA0B-EB47-41D9-82D1-C5D2D772DD9E}
	EndGlobalSection
EndGlobal
